{
  "version": 4,
  "terraform_version": "1.9.8",
  "serial": 96,
  "lineage": "da9f0b8e-ca10-6de0-e052-e25776443150",
  "outputs": {
    "dynamodb_policy_arn": {
      "value": "arn:aws:iam::913830480463:policy/dev-dynamodb-dynamodb",
      "type": "string"
    },
    "lambda_role_arn": {
      "value": "arn:aws:iam::913830480463:role/lambda-execution-role",
      "type": "string"
    },
    "step_functions_policy_arn": {
      "value": "arn:aws:iam::913830480463:policy/dev-dynamodb-stepfunctions",
      "type": "string"
    }
  },
  "resources": [
    {
      "mode": "data",
      "type": "aws_caller_identity",
      "name": "current",
      "provider": "provider[\"registry.terraform.io/hashicorp/aws\"]",
      "instances": [
        {
          "schema_version": 0,
          "attributes": {
            "account_id": "913830480463",
            "arn": "arn:aws:iam::913830480463:user/ambrosia",
            "id": "913830480463",
            "user_id": "AIDA5JREKRJH2LSPW3ZNI"
          },
          "sensitive_attributes": []
        }
      ]
    },
    {
      "mode": "data",
      "type": "aws_region",
      "name": "current",
      "provider": "provider[\"registry.terraform.io/hashicorp/aws\"]",
      "instances": [
        {
          "schema_version": 0,
          "attributes": {
            "description": "South America (Sao Paulo)",
            "endpoint": "ec2.sa-east-1.amazonaws.com",
            "id": "sa-east-1",
            "name": "sa-east-1"
          },
          "sensitive_attributes": []
        }
      ]
    },
    {
      "mode": "managed",
      "type": "aws_iam_policy",
      "name": "dynamodb_policy",
      "provider": "provider[\"registry.terraform.io/hashicorp/aws\"]",
      "instances": [
        {
          "schema_version": 0,
          "attributes": {
            "arn": "arn:aws:iam::913830480463:policy/dev-dynamodb-dynamodb",
            "attachment_count": 2,
            "description": "Policy for DynamoDB access",
            "id": "arn:aws:iam::913830480463:policy/dev-dynamodb-dynamodb",
            "name": "dev-dynamodb-dynamodb",
            "name_prefix": "",
            "path": "/",
            "policy": "{\"Statement\":[{\"Action\":[\"dynamodb:CreateTable\",\"dynamodb:DeleteTable\",\"dynamodb:DescribeTable\",\"dynamodb:ListTables\",\"dynamodb:UpdateTable\",\"dynamodb:PutItem\",\"dynamodb:GetItem\",\"dynamodb:UpdateItem\",\"dynamodb:DeleteItem\",\"dynamodb:Scan\",\"dynamodb:Query\"],\"Effect\":\"Allow\",\"Resource\":\"arn:aws:dynamodb:sa-east-1:913830480463:table/*\"}],\"Version\":\"2012-10-17\"}",
            "policy_id": "ANPA5JREKRJHTGVLFHO54",
            "tags": {},
            "tags_all": {}
          },
          "sensitive_attributes": [],
          "private": "bnVsbA==",
          "dependencies": [
            "data.aws_caller_identity.current",
            "data.aws_region.current"
          ]
        }
      ]
    },
    {
      "mode": "managed",
      "type": "aws_iam_policy",
      "name": "lambda_policy",
      "provider": "provider[\"registry.terraform.io/hashicorp/aws\"]",
      "instances": [
        {
          "schema_version": 0,
          "attributes": {
            "arn": "arn:aws:iam::913830480463:policy/dev-dynamodb-lambda",
            "attachment_count": 1,
            "description": "Policy for Lambda management",
            "id": "arn:aws:iam::913830480463:policy/dev-dynamodb-lambda",
            "name": "dev-dynamodb-lambda",
            "name_prefix": "",
            "path": "/",
            "policy": "{\"Statement\":[{\"Action\":[\"lambda:CreateFunction\",\"lambda:DeleteFunction\",\"lambda:GetFunction\",\"lambda:InvokeFunction\",\"lambda:UpdateFunctionCode\",\"lambda:UpdateFunctionConfiguration\",\"lambda:ListVersionsByFunction\",\"lambda:PublishVersion\",\"lambda:GetFunctionConfiguration\",\"lambda:ListTags\",\"lambda:TagResource\",\"lambda:UntagResource\",\"lambda:GetFunctionCodeSigningConfig\",\"lambda:DeleteFunctionCodeSigningConfig\",\"lambda:PutFunctionCodeSigningConfig\",\"lambda:AddPermission\",\"lambda:GetPolicy\",\"lambda:RemovePermission\"],\"Effect\":\"Allow\",\"Resource\":\"arn:aws:lambda:sa-east-1:913830480463:function:file-processor\"}],\"Version\":\"2012-10-17\"}",
            "policy_id": "ANPA5JREKRJHUN4R3BBN5",
            "tags": {},
            "tags_all": {}
          },
          "sensitive_attributes": [],
          "private": "bnVsbA==",
          "dependencies": [
            "data.aws_caller_identity.current",
            "data.aws_region.current"
          ]
        }
      ]
    },
    {
      "mode": "managed",
      "type": "aws_iam_policy",
      "name": "s3_policy",
      "provider": "provider[\"registry.terraform.io/hashicorp/aws\"]",
      "instances": [
        {
          "schema_version": 0,
          "attributes": {
            "arn": "arn:aws:iam::913830480463:policy/dev-dynamodb-s3",
            "attachment_count": 1,
            "description": "Policy for S3 notifications",
            "id": "arn:aws:iam::913830480463:policy/dev-dynamodb-s3",
            "name": "dev-dynamodb-s3",
            "name_prefix": "",
            "path": "/",
            "policy": "{\"Statement\":[{\"Action\":[\"s3:GetBucketNotification\",\"s3:PutBucketNotification\"],\"Effect\":\"Allow\",\"Resource\":\"arn:aws:s3:::ambrosia-files-dev-913830480463\"}],\"Version\":\"2012-10-17\"}",
            "policy_id": "ANPA5JREKRJH7QEUFHIWJ",
            "tags": {},
            "tags_all": {}
          },
          "sensitive_attributes": [],
          "private": "bnVsbA=="
        }
      ]
    },
    {
      "mode": "managed",
      "type": "aws_iam_policy",
      "name": "stepfunctions_policy",
      "provider": "provider[\"registry.terraform.io/hashicorp/aws\"]",
      "instances": [
        {
          "schema_version": 0,
          "attributes": {
            "arn": "arn:aws:iam::913830480463:policy/dev-dynamodb-stepfunctions",
            "attachment_count": 1,
            "description": "Policy for Step Functions management",
            "id": "arn:aws:iam::913830480463:policy/dev-dynamodb-stepfunctions",
            "name": "dev-dynamodb-stepfunctions",
            "name_prefix": "",
            "path": "/",
            "policy": "{\"Statement\":[{\"Action\":[\"states:CreateStateMachine\",\"states:DeleteStateMachine\",\"states:DescribeStateMachine\",\"states:ListStateMachines\",\"states:StartExecution\"],\"Effect\":\"Allow\",\"Resource\":\"arn:aws:states:sa-east-1:913830480463:stateMachine:*\"}],\"Version\":\"2012-10-17\"}",
            "policy_id": "ANPA5JREKRJH4Z5ZSJBQX",
            "tags": {},
            "tags_all": {}
          },
          "sensitive_attributes": [],
          "private": "bnVsbA==",
          "dependencies": [
            "data.aws_caller_identity.current",
            "data.aws_region.current"
          ]
        }
      ]
    },
    {
      "mode": "managed",
      "type": "aws_iam_role",
      "name": "lambda_role",
      "provider": "provider[\"registry.terraform.io/hashicorp/aws\"]",
      "instances": [
        {
          "schema_version": 0,
          "attributes": {
            "arn": "arn:aws:iam::913830480463:role/lambda-execution-role",
            "assume_role_policy": "{\"Statement\":[{\"Action\":\"sts:AssumeRole\",\"Effect\":\"Allow\",\"Principal\":{\"Service\":\"lambda.amazonaws.com\"}}],\"Version\":\"2012-10-17\"}",
            "create_date": "2024-12-02T14:22:28Z",
            "description": "",
            "force_detach_policies": false,
            "id": "lambda-execution-role",
            "inline_policy": [],
            "managed_policy_arns": [
              "arn:aws:iam::913830480463:policy/dev-dynamodb-dynamodb",
              "arn:aws:iam::aws:policy/service-role/AWSLambdaBasicExecutionRole"
            ],
            "max_session_duration": 3600,
            "name": "lambda-execution-role",
            "name_prefix": "",
            "path": "/",
            "permissions_boundary": "",
            "tags": {},
            "tags_all": {},
            "unique_id": "AROA5JREKRJHRSN6LPPKF"
          },
          "sensitive_attributes": [],
          "private": "bnVsbA=="
        }
      ]
    },
    {
      "mode": "managed",
      "type": "aws_iam_role_policy",
      "name": "lambda_cloudwatch",
      "provider": "provider[\"registry.terraform.io/hashicorp/aws\"]",
      "instances": [
        {
          "schema_version": 0,
          "attributes": {
            "id": "lambda-execution-role:lambda-cloudwatch",
            "name": "lambda-cloudwatch",
            "name_prefix": "",
            "policy": "{\"Version\":\"2012-10-17\",\"Statement\":[{\"Action\":[\"logs:CreateLogGroup\",\"logs:CreateLogStream\",\"logs:PutLogEvents\"],\"Effect\":\"Allow\",\"Resource\":[\"arn:aws:logs:sa-east-1:913830480463:log-group:/aws/lambda/*\",\"arn:aws:logs:sa-east-1:913830480463:log-group:/aws/lambda/*:*\"]}]}",
            "role": "lambda-execution-role"
          },
          "sensitive_attributes": [],
          "private": "bnVsbA==",
          "dependencies": [
            "aws_iam_role.lambda_role",
            "data.aws_caller_identity.current",
            "data.aws_region.current"
          ]
        }
      ]
    },
    {
      "mode": "managed",
      "type": "aws_iam_role_policy_attachment",
      "name": "lambda_dynamodb_attachment",
      "provider": "provider[\"registry.terraform.io/hashicorp/aws\"]",
      "instances": [
        {
          "schema_version": 0,
          "attributes": {
            "id": "lambda-execution-role-20241202142227586500000005",
            "policy_arn": "arn:aws:iam::913830480463:policy/dev-dynamodb-dynamodb",
            "role": "lambda-execution-role"
          },
          "sensitive_attributes": [],
          "private": "bnVsbA==",
          "dependencies": [
            "aws_iam_policy.dynamodb_policy",
            "aws_iam_role.lambda_role",
            "data.aws_caller_identity.current",
            "data.aws_region.current"
          ]
        }
      ]
    },
    {
      "mode": "managed",
      "type": "aws_iam_role_policy_attachment",
      "name": "lambda_role_attachment",
      "provider": "provider[\"registry.terraform.io/hashicorp/aws\"]",
      "instances": [
        {
          "schema_version": 0,
          "attributes": {
            "id": "lambda-execution-role-20241202142227711100000006",
            "policy_arn": "arn:aws:iam::aws:policy/service-role/AWSLambdaBasicExecutionRole",
            "role": "lambda-execution-role"
          },
          "sensitive_attributes": [],
          "private": "bnVsbA==",
          "dependencies": [
            "aws_iam_role.lambda_role"
          ]
        }
      ]
    },
    {
      "mode": "managed",
      "type": "aws_iam_user_policy_attachment",
      "name": "dynamodb_attachment",
      "provider": "provider[\"registry.terraform.io/hashicorp/aws\"]",
      "instances": [
        {
          "schema_version": 0,
          "attributes": {
            "id": "ambrosia-20241202142227333800000002",
            "policy_arn": "arn:aws:iam::913830480463:policy/dev-dynamodb-dynamodb",
            "user": "ambrosia"
          },
          "sensitive_attributes": [],
          "private": "bnVsbA==",
          "dependencies": [
            "aws_iam_policy.dynamodb_policy",
            "data.aws_caller_identity.current",
            "data.aws_region.current"
          ]
        }
      ]
    },
    {
      "mode": "managed",
      "type": "aws_iam_user_policy_attachment",
      "name": "lambda_attachment",
      "provider": "provider[\"registry.terraform.io/hashicorp/aws\"]",
      "instances": [
        {
          "schema_version": 0,
          "attributes": {
            "id": "ambrosia-20241202142227323700000001",
            "policy_arn": "arn:aws:iam::913830480463:policy/dev-dynamodb-lambda",
            "user": "ambrosia"
          },
          "sensitive_attributes": [],
          "private": "bnVsbA==",
          "dependencies": [
            "aws_iam_policy.lambda_policy",
            "data.aws_caller_identity.current",
            "data.aws_region.current"
          ]
        }
      ]
    },
    {
      "mode": "managed",
      "type": "aws_iam_user_policy_attachment",
      "name": "s3_attachment",
      "provider": "provider[\"registry.terraform.io/hashicorp/aws\"]",
      "instances": [
        {
          "schema_version": 0,
          "attributes": {
            "id": "ambrosia-20241202142227352400000003",
            "policy_arn": "arn:aws:iam::913830480463:policy/dev-dynamodb-s3",
            "user": "ambrosia"
          },
          "sensitive_attributes": [],
          "private": "bnVsbA==",
          "dependencies": [
            "aws_iam_policy.s3_policy"
          ]
        }
      ]
    },
    {
      "mode": "managed",
      "type": "aws_iam_user_policy_attachment",
      "name": "stepfunctions_attachment",
      "provider": "provider[\"registry.terraform.io/hashicorp/aws\"]",
      "instances": [
        {
          "schema_version": 0,
          "attributes": {
            "id": "ambrosia-20241202142227352400000004",
            "policy_arn": "arn:aws:iam::913830480463:policy/dev-dynamodb-stepfunctions",
            "user": "ambrosia"
          },
          "sensitive_attributes": [],
          "private": "bnVsbA==",
          "dependencies": [
            "aws_iam_policy.stepfunctions_policy",
            "data.aws_caller_identity.current",
            "data.aws_region.current"
          ]
        }
      ]
    }
  ],
  "check_results": null
}
