{
  "version": 4,
  "terraform_version": "1.9.8",
  "serial": 58,
  "lineage": "da9f0b8e-ca10-6de0-e052-e25776443150",
  "outputs": {
    "dynamodb_policy_arn": {
      "value": "arn:aws:iam::913830480463:policy/dev-dynamodb-dynamodb",
      "type": "string"
    },
    "lambda_role_arn": {
      "value": "arn:aws:iam::913830480463:role/lambda-execution-role",
      "type": "string"
    },
    "step_functions_policy_arn": {
      "value": "arn:aws:iam::913830480463:policy/dev-dynamodb-stepfunctions",
      "type": "string"
    }
  },
  "resources": [
    {
      "mode": "data",
      "type": "aws_caller_identity",
      "name": "current",
      "provider": "provider[\"registry.terraform.io/hashicorp/aws\"]",
      "instances": [
        {
          "schema_version": 0,
          "attributes": {
            "account_id": "913830480463",
            "arn": "arn:aws:iam::913830480463:user/ambrosia",
            "id": "913830480463",
            "user_id": "AIDA5JREKRJH2LSPW3ZNI"
          },
          "sensitive_attributes": []
        }
      ]
    },
    {
      "mode": "data",
      "type": "aws_region",
      "name": "current",
      "provider": "provider[\"registry.terraform.io/hashicorp/aws\"]",
      "instances": [
        {
          "schema_version": 0,
          "attributes": {
            "description": "South America (Sao Paulo)",
            "endpoint": "ec2.sa-east-1.amazonaws.com",
            "id": "sa-east-1",
            "name": "sa-east-1"
          },
          "sensitive_attributes": []
        }
      ]
    },
    {
      "mode": "managed",
      "type": "aws_iam_policy",
      "name": "dynamodb_policy",
      "provider": "provider[\"registry.terraform.io/hashicorp/aws\"]",
      "instances": [
        {
          "schema_version": 0,
          "attributes": {
            "arn": "arn:aws:iam::913830480463:policy/dev-dynamodb-dynamodb",
            "attachment_count": 1,
            "description": "Policy for DynamoDB access",
            "id": "arn:aws:iam::913830480463:policy/dev-dynamodb-dynamodb",
            "name": "dev-dynamodb-dynamodb",
            "name_prefix": "",
            "path": "/",
            "policy": "{\"Statement\":[{\"Action\":[\"dynamodb:CreateTable\",\"dynamodb:DeleteTable\",\"dynamodb:DescribeTable\",\"dynamodb:ListTables\",\"dynamodb:UpdateTable\"],\"Effect\":\"Allow\",\"Resource\":\"arn:aws:dynamodb:sa-east-1:913830480463:table/*\"}],\"Version\":\"2012-10-17\"}",
            "policy_id": "ANPA5JREKRJH7EJFVLOEX",
            "tags": {},
            "tags_all": {}
          },
          "sensitive_attributes": [],
          "private": "bnVsbA==",
          "dependencies": [
            "data.aws_caller_identity.current",
            "data.aws_region.current"
          ]
        }
      ]
    },
    {
      "mode": "managed",
      "type": "aws_iam_policy",
      "name": "lambda_policy",
      "provider": "provider[\"registry.terraform.io/hashicorp/aws\"]",
      "instances": [
        {
          "schema_version": 0,
          "attributes": {
            "arn": "arn:aws:iam::913830480463:policy/dev-dynamodb-lambda",
            "attachment_count": 1,
            "description": "Policy for Lambda management",
            "id": "arn:aws:iam::913830480463:policy/dev-dynamodb-lambda",
            "name": "dev-dynamodb-lambda",
            "name_prefix": "",
            "path": "/",
            "policy": "{\"Statement\":[{\"Action\":[\"lambda:CreateFunction\",\"lambda:DeleteFunction\",\"lambda:GetFunction\",\"lambda:InvokeFunction\",\"lambda:UpdateFunctionCode\",\"lambda:UpdateFunctionConfiguration\",\"lambda:ListVersionsByFunction\",\"lambda:PublishVersion\",\"lambda:GetFunctionConfiguration\",\"lambda:ListTags\",\"lambda:TagResource\",\"lambda:UntagResource\",\"lambda:GetFunctionCodeSigningConfig\",\"lambda:DeleteFunctionCodeSigningConfig\",\"lambda:PutFunctionCodeSigningConfig\",\"lambda:AddPermission\",\"lambda:GetPolicy\"],\"Effect\":\"Allow\",\"Resource\":\"arn:aws:lambda:sa-east-1:913830480463:function:file-processor\"}],\"Version\":\"2012-10-17\"}",
            "policy_id": "ANPA5JREKRJHXYNP2Q3G6",
            "tags": {},
            "tags_all": {}
          },
          "sensitive_attributes": [],
          "private": "bnVsbA==",
          "dependencies": [
            "data.aws_caller_identity.current",
            "data.aws_region.current"
          ]
        }
      ]
    },
    {
      "mode": "managed",
      "type": "aws_iam_policy",
      "name": "stepfunctions_policy",
      "provider": "provider[\"registry.terraform.io/hashicorp/aws\"]",
      "instances": [
        {
          "schema_version": 0,
          "attributes": {
            "arn": "arn:aws:iam::913830480463:policy/dev-dynamodb-stepfunctions",
            "attachment_count": 1,
            "description": "Policy for Step Functions management",
            "id": "arn:aws:iam::913830480463:policy/dev-dynamodb-stepfunctions",
            "name": "dev-dynamodb-stepfunctions",
            "name_prefix": "",
            "path": "/",
            "policy": "{\"Statement\":[{\"Action\":[\"states:CreateStateMachine\",\"states:DeleteStateMachine\",\"states:DescribeStateMachine\",\"states:ListStateMachines\",\"states:StartExecution\"],\"Effect\":\"Allow\",\"Resource\":\"arn:aws:states:sa-east-1:913830480463:stateMachine:*\"}],\"Version\":\"2012-10-17\"}",
            "policy_id": "ANPA5JREKRJH7SSW46V3G",
            "tags": {},
            "tags_all": {}
          },
          "sensitive_attributes": [],
          "private": "bnVsbA==",
          "dependencies": [
            "data.aws_caller_identity.current",
            "data.aws_region.current"
          ]
        }
      ]
    },
    {
      "mode": "managed",
      "type": "aws_iam_role",
      "name": "lambda_role",
      "provider": "provider[\"registry.terraform.io/hashicorp/aws\"]",
      "instances": [
        {
          "schema_version": 0,
          "attributes": {
            "arn": "arn:aws:iam::913830480463:role/lambda-execution-role",
            "assume_role_policy": "{\"Statement\":[{\"Action\":\"sts:AssumeRole\",\"Effect\":\"Allow\",\"Principal\":{\"Service\":\"lambda.amazonaws.com\"}}],\"Version\":\"2012-10-17\"}",
            "create_date": "2024-11-29T15:02:08Z",
            "description": "",
            "force_detach_policies": false,
            "id": "lambda-execution-role",
            "inline_policy": [],
            "managed_policy_arns": [],
            "max_session_duration": 3600,
            "name": "lambda-execution-role",
            "name_prefix": "",
            "path": "/",
            "permissions_boundary": "",
            "tags": {},
            "tags_all": {},
            "unique_id": "AROA5JREKRJHWNXCNLZTF"
          },
          "sensitive_attributes": [],
          "private": "bnVsbA=="
        }
      ]
    },
    {
      "mode": "managed",
      "type": "aws_iam_user_policy_attachment",
      "name": "dynamodb_attachment",
      "provider": "provider[\"registry.terraform.io/hashicorp/aws\"]",
      "instances": [
        {
          "schema_version": 0,
          "attributes": {
            "id": "ambrosia-20241129150208885600000002",
            "policy_arn": "arn:aws:iam::913830480463:policy/dev-dynamodb-dynamodb",
            "user": "ambrosia"
          },
          "sensitive_attributes": [],
          "private": "bnVsbA==",
          "dependencies": [
            "aws_iam_policy.dynamodb_policy",
            "data.aws_caller_identity.current",
            "data.aws_region.current"
          ]
        }
      ]
    },
    {
      "mode": "managed",
      "type": "aws_iam_user_policy_attachment",
      "name": "lambda_attachment",
      "provider": "provider[\"registry.terraform.io/hashicorp/aws\"]",
      "instances": [
        {
          "schema_version": 0,
          "attributes": {
            "id": "ambrosia-20241129150208874900000001",
            "policy_arn": "arn:aws:iam::913830480463:policy/dev-dynamodb-lambda",
            "user": "ambrosia"
          },
          "sensitive_attributes": [],
          "private": "bnVsbA==",
          "dependencies": [
            "aws_iam_policy.lambda_policy",
            "data.aws_caller_identity.current",
            "data.aws_region.current"
          ]
        }
      ]
    },
    {
      "mode": "managed",
      "type": "aws_iam_user_policy_attachment",
      "name": "stepfunctions_attachment",
      "provider": "provider[\"registry.terraform.io/hashicorp/aws\"]",
      "instances": [
        {
          "schema_version": 0,
          "attributes": {
            "id": "ambrosia-20241129150208974200000003",
            "policy_arn": "arn:aws:iam::913830480463:policy/dev-dynamodb-stepfunctions",
            "user": "ambrosia"
          },
          "sensitive_attributes": [],
          "private": "bnVsbA==",
          "dependencies": [
            "aws_iam_policy.stepfunctions_policy",
            "data.aws_caller_identity.current",
            "data.aws_region.current"
          ]
        }
      ]
    }
  ],
  "check_results": null
}
