{
  "version": 4,
  "terraform_version": "1.9.8",
  "serial": 16,
  "lineage": "da9f0b8e-ca10-6de0-e052-e25776443150",
  "outputs": {},
  "resources": [
    {
      "mode": "data",
      "type": "aws_caller_identity",
      "name": "current",
      "provider": "provider[\"registry.terraform.io/hashicorp/aws\"]",
      "instances": [
        {
          "schema_version": 0,
          "attributes": {
            "account_id": "913830480463",
            "arn": "arn:aws:iam::913830480463:user/ambrosia",
            "id": "913830480463",
            "user_id": "AIDA5JREKRJH2LSPW3ZNI"
          },
          "sensitive_attributes": []
        }
      ]
    },
    {
      "mode": "data",
      "type": "aws_region",
      "name": "current",
      "provider": "provider[\"registry.terraform.io/hashicorp/aws\"]",
      "instances": [
        {
          "schema_version": 0,
          "attributes": {
            "description": "South America (Sao Paulo)",
            "endpoint": "ec2.sa-east-1.amazonaws.com",
            "id": "sa-east-1",
            "name": "sa-east-1"
          },
          "sensitive_attributes": []
        }
      ]
    },
    {
      "mode": "managed",
      "type": "aws_iam_policy",
      "name": "dynamodb_admin_policy",
      "provider": "provider[\"registry.terraform.io/hashicorp/aws\"]",
      "instances": [
        {
          "schema_version": 0,
          "attributes": {
            "arn": "arn:aws:iam::913830480463:policy/dev-dynamodb-dynamodb-admin",
            "attachment_count": 1,
            "description": "Policy for DynamoDB table management",
            "id": "arn:aws:iam::913830480463:policy/dev-dynamodb-dynamodb-admin",
            "name": "dev-dynamodb-dynamodb-admin",
            "name_prefix": "",
            "path": "/",
            "policy": "{\"Statement\":[{\"Action\":[\"dynamodb:CreateTable\",\"dynamodb:DeleteTable\",\"dynamodb:DescribeTable\",\"dynamodb:UpdateTable\",\"dynamodb:PutItem\",\"dynamodb:GetItem\",\"dynamodb:UpdateItem\",\"dynamodb:DeleteItem\",\"dynamodb:Query\",\"dynamodb:Scan\",\"dynamodb:TagResource\",\"dynamodb:UntagResource\",\"dynamodb:ListTagsOfResource\",\"dynamodb:DescribeContinuousBackups\",\"dynamodb:DescribeTimeToLive\",\"dynamodb:DescribeGlobalTableSettings\",\"dynamodb:DescribeLimits\",\"dynamodb:DescribeStream\",\"dynamodb:ListStreams\"],\"Effect\":\"Allow\",\"Resource\":[\"arn:aws:dynamodb:sa-east-1:913830480463:table/Files\",\"arn:aws:dynamodb:sa-east-1:913830480463:table/Files/*\"]}],\"Version\":\"2012-10-17\"}",
            "policy_id": "ANPA5JREKRJHZT5BPZ6RB",
            "tags": {},
            "tags_all": {}
          },
          "sensitive_attributes": [],
          "private": "bnVsbA==",
          "dependencies": [
            "data.aws_caller_identity.current",
            "data.aws_region.current"
          ]
        }
      ]
    },
    {
      "mode": "managed",
      "type": "aws_iam_policy",
      "name": "lambda_dynamodb_policy",
      "provider": "provider[\"registry.terraform.io/hashicorp/aws\"]",
      "instances": [
        {
          "schema_version": 0,
          "attributes": {
            "arn": "arn:aws:iam::913830480463:policy/lambda-dynamodb-policy",
            "attachment_count": 1,
            "description": "IAM policy for Lambda to access DynamoDB",
            "id": "arn:aws:iam::913830480463:policy/lambda-dynamodb-policy",
            "name": "lambda-dynamodb-policy",
            "name_prefix": "",
            "path": "/",
            "policy": "{\"Statement\":[{\"Action\":[\"dynamodb:PutItem\",\"dynamodb:GetItem\",\"dynamodb:UpdateItem\",\"dynamodb:DeleteItem\",\"dynamodb:Query\",\"dynamodb:Scan\"],\"Effect\":\"Allow\",\"Resource\":\"arn:aws:dynamodb:sa-east-1:913830480463:table/Files\"}],\"Version\":\"2012-10-17\"}",
            "policy_id": "ANPA5JREKRJHXWZ3WXKGL",
            "tags": {},
            "tags_all": {}
          },
          "sensitive_attributes": [],
          "private": "bnVsbA==",
          "dependencies": [
            "data.aws_caller_identity.current",
            "data.aws_region.current"
          ]
        }
      ]
    },
    {
      "mode": "managed",
      "type": "aws_iam_policy",
      "name": "step_functions_policy",
      "provider": "provider[\"registry.terraform.io/hashicorp/aws\"]",
      "instances": [
        {
          "schema_version": 0,
          "attributes": {
            "arn": "arn:aws:iam::913830480463:policy/dev-dynamodb-step-functions",
            "attachment_count": 1,
            "description": "Policy for Step Functions management",
            "id": "arn:aws:iam::913830480463:policy/dev-dynamodb-step-functions",
            "name": "dev-dynamodb-step-functions",
            "name_prefix": "",
            "path": "/",
            "policy": "{\"Statement\":[{\"Action\":[\"states:CreateStateMachine\",\"states:DeleteStateMachine\",\"states:DescribeStateMachine\",\"states:ListStateMachines\",\"states:UpdateStateMachine\",\"states:TagResource\",\"states:UntagResource\",\"states:ListTagsForResource\",\"states:ValidateStateMachineDefinition\",\"states:ListStateMachineVersions\",\"states:StartExecution\",\"states:StopExecution\",\"states:DescribeExecution\",\"states:ListExecutions\"],\"Effect\":\"Allow\",\"Resource\":\"*\"}],\"Version\":\"2012-10-17\"}",
            "policy_id": "ANPA5JREKRJHZ3765VEQU",
            "tags": {},
            "tags_all": {}
          },
          "sensitive_attributes": [],
          "private": "bnVsbA=="
        }
      ]
    },
    {
      "mode": "managed",
      "type": "aws_iam_role",
      "name": "lambda_role",
      "provider": "provider[\"registry.terraform.io/hashicorp/aws\"]",
      "instances": [
        {
          "schema_version": 0,
          "attributes": {
            "arn": "arn:aws:iam::913830480463:role/lambda-dynamodb-role",
            "assume_role_policy": "{\"Statement\":[{\"Action\":\"sts:AssumeRole\",\"Effect\":\"Allow\",\"Principal\":{\"Service\":\"lambda.amazonaws.com\"}}],\"Version\":\"2012-10-17\"}",
            "create_date": "2024-11-28T22:51:53Z",
            "description": "",
            "force_detach_policies": false,
            "id": "lambda-dynamodb-role",
            "inline_policy": [],
            "managed_policy_arns": [
              "arn:aws:iam::913830480463:policy/lambda-dynamodb-policy"
            ],
            "max_session_duration": 3600,
            "name": "lambda-dynamodb-role",
            "name_prefix": "",
            "path": "/",
            "permissions_boundary": "",
            "tags": {},
            "tags_all": {},
            "unique_id": "AROA5JREKRJHVMAZKILRB"
          },
          "sensitive_attributes": [],
          "private": "bnVsbA=="
        }
      ]
    },
    {
      "mode": "managed",
      "type": "aws_iam_role_policy_attachment",
      "name": "lambda_dynamodb",
      "provider": "provider[\"registry.terraform.io/hashicorp/aws\"]",
      "instances": [
        {
          "schema_version": 0,
          "attributes": {
            "id": "lambda-dynamodb-role-20241128225154012500000001",
            "policy_arn": "arn:aws:iam::913830480463:policy/lambda-dynamodb-policy",
            "role": "lambda-dynamodb-role"
          },
          "sensitive_attributes": [],
          "private": "bnVsbA==",
          "dependencies": [
            "aws_iam_policy.lambda_dynamodb_policy",
            "aws_iam_role.lambda_role",
            "data.aws_caller_identity.current",
            "data.aws_region.current"
          ]
        }
      ]
    },
    {
      "mode": "managed",
      "type": "aws_iam_user_policy_attachment",
      "name": "user_dynamodb_admin",
      "provider": "provider[\"registry.terraform.io/hashicorp/aws\"]",
      "instances": [
        {
          "schema_version": 0,
          "attributes": {
            "id": "ambrosia-20241128234713505300000001",
            "policy_arn": "arn:aws:iam::913830480463:policy/dev-dynamodb-dynamodb-admin",
            "user": "ambrosia"
          },
          "sensitive_attributes": [],
          "private": "bnVsbA==",
          "dependencies": [
            "aws_iam_policy.dynamodb_admin_policy",
            "data.aws_caller_identity.current",
            "data.aws_region.current"
          ]
        }
      ]
    },
    {
      "mode": "managed",
      "type": "aws_iam_user_policy_attachment",
      "name": "user_step_functions",
      "provider": "provider[\"registry.terraform.io/hashicorp/aws\"]",
      "instances": [
        {
          "schema_version": 0,
          "attributes": {
            "id": "ambrosia-20241129000924119600000001",
            "policy_arn": "arn:aws:iam::913830480463:policy/dev-dynamodb-step-functions",
            "user": "ambrosia"
          },
          "sensitive_attributes": [],
          "private": "bnVsbA==",
          "dependencies": [
            "aws_iam_policy.step_functions_policy"
          ]
        }
      ]
    }
  ],
  "check_results": null
}
